
Microsoft Visual Studio Solution File, Format Version 12.00
# Visual Studio Version 17
VisualStudioVersion = 17.12.35527.113
MinimumVisualStudioVersion = 10.0.40219.1
Project("{FAE04EC0-301F-11D3-BF4B-00C04F79EFBC}") = "Applied Sciences Research Center Website", "Applied Sciences Research Center Website.csproj", "{C0CF31D2-4F6A-4CAE-BB0F-1BCE59064DDC}"
EndProject
Global
	GlobalSection(SolutionConfigurationPlatforms) = preSolution
		Debug|Any CPU = Debug|Any CPU
		Release|Any CPU = Release|Any CPU
	EndGlobalSection
	GlobalSection(ProjectConfigurationPlatforms) = postSolution
		{C0CF31D2-4F6A-4CAE-BB0F-1BCE59064DDC}.Debug|Any CPU.ActiveCfg = Debug|Any CPU
		{C0CF31D2-4F6A-4CAE-BB0F-1BCE59064DDC}.Debug|Any CPU.Build.0 = Debug|Any CPU
		{C0CF31D2-4F6A-4CAE-BB0F-1BCE59064DDC}.Release|Any CPU.ActiveCfg = Release|Any CPU
		{C0CF31D2-4F6A-4CAE-BB0F-1BCE59064DDC}.Release|Any CPU.Build.0 = Release|Any CPU
	EndGlobalSection
	GlobalSection(SolutionProperties) = preSolution
		HideSolutionNode = FALSE
	EndGlobalSection
	GlobalSection(ExtensibilityGlobals) = postSolution
		SolutionGuid = {5FEFAA51-1C6B-4B1C-A413-5B2C6CCB3D69}
	EndGlobalSection
EndGlobal
